
Microsoft Visual Studio Solution File, Format Version 12.00
# Visual Studio Version 16
VisualStudioVersion = 16.0.31515.178
MinimumVisualStudioVersion = 10.0.40219.1
Project("{8BC9CEB8-8B4A-11D0-8D11-00A0C91BC942}") = "chap13", "chap13\chap13.vcxproj", "{218B784B-097A-427A-90CD-CDFF07CB366F}"
EndProject
Global
	GlobalSection(SolutionConfigurationPlatforms) = preSolution
		Debug|x64 = Debug|x64
		Debug|x86 = Debug|x86
		Release|x64 = Release|x64
		Release|x86 = Release|x86
	EndGlobalSection
	GlobalSection(ProjectConfigurationPlatforms) = postSolution
		{218B784B-097A-427A-90CD-CDFF07CB366F}.Debug|x64.ActiveCfg = Debug|x64
		{218B784B-097A-427A-90CD-CDFF07CB366F}.Debug|x64.Build.0 = Debug|x64
		{218B784B-097A-427A-90CD-CDFF07CB366F}.Debug|x86.ActiveCfg = Debug|Win32
		{218B784B-097A-427A-90CD-CDFF07CB366F}.Debug|x86.Build.0 = Debug|Win32
		{218B784B-097A-427A-90CD-CDFF07CB366F}.Release|x64.ActiveCfg = Release|x64
		{218B784B-097A-427A-90CD-CDFF07CB366F}.Release|x64.Build.0 = Release|x64
		{218B784B-097A-427A-90CD-CDFF07CB366F}.Release|x86.ActiveCfg = Release|Win32
		{218B784B-097A-427A-90CD-CDFF07CB366F}.Release|x86.Build.0 = Release|Win32
	EndGlobalSection
	GlobalSection(SolutionProperties) = preSolution
		HideSolutionNode = FALSE
	EndGlobalSection
	GlobalSection(ExtensibilityGlobals) = postSolution
		SolutionGuid = {E744AF25-5CE6-4088-B2EC-69EDB54953E3}
	EndGlobalSection
EndGlobal
